
Microsoft Visual Studio Solution File, Format Version 12.00
# Visual Studio 15
Project("{FAE04EC0-301F-11D3-BF4B-00C04F79EFBC}") = "AstarPathfindingProject", "AstarPathfindingProject.csproj", "{4EFA6783-E6DA-0455-A357-435B4415A7E4}"
EndProject
Project("{FAE04EC0-301F-11D3-BF4B-00C04F79EFBC}") = "Assembly-CSharp", "Assembly-CSharp.csproj", "{4AE1337F-B0ED-DE4D-B557-454EFF96EF42}"
EndProject
Project("{FAE04EC0-301F-11D3-BF4B-00C04F79EFBC}") = "AstarPathfindingProjectEditor", "AstarPathfindingProjectEditor.csproj", "{57DF93D2-F3A9-04CD-9190-AAB1DA5830BB}"
EndProject
Project("{FAE04EC0-301F-11D3-BF4B-00C04F79EFBC}") = "PackageToolsEditor", "PackageToolsEditor.csproj", "{D86AA6D5-7037-097F-F6DD-DAC4C5CAD181}"
EndProject
Global
	GlobalSection(SolutionConfigurationPlatforms) = preSolution
		Debug|Any CPU = Debug|Any CPU
		Release|Any CPU = Release|Any CPU
	EndGlobalSection
	GlobalSection(ProjectConfigurationPlatforms) = postSolution
		{4EFA6783-E6DA-0455-A357-435B4415A7E4}.Debug|Any CPU.ActiveCfg = Debug|Any CPU
		{4EFA6783-E6DA-0455-A357-435B4415A7E4}.Debug|Any CPU.Build.0 = Debug|Any CPU
		{4EFA6783-E6DA-0455-A357-435B4415A7E4}.Release|Any CPU.ActiveCfg = Release|Any CPU
		{4EFA6783-E6DA-0455-A357-435B4415A7E4}.Release|Any CPU.Build.0 = Release|Any CPU
		{4AE1337F-B0ED-DE4D-B557-454EFF96EF42}.Debug|Any CPU.ActiveCfg = Debug|Any CPU
		{4AE1337F-B0ED-DE4D-B557-454EFF96EF42}.Debug|Any CPU.Build.0 = Debug|Any CPU
		{4AE1337F-B0ED-DE4D-B557-454EFF96EF42}.Release|Any CPU.ActiveCfg = Release|Any CPU
		{4AE1337F-B0ED-DE4D-B557-454EFF96EF42}.Release|Any CPU.Build.0 = Release|Any CPU
		{57DF93D2-F3A9-04CD-9190-AAB1DA5830BB}.Debug|Any CPU.ActiveCfg = Debug|Any CPU
		{57DF93D2-F3A9-04CD-9190-AAB1DA5830BB}.Debug|Any CPU.Build.0 = Debug|Any CPU
		{57DF93D2-F3A9-04CD-9190-AAB1DA5830BB}.Release|Any CPU.ActiveCfg = Release|Any CPU
		{57DF93D2-F3A9-04CD-9190-AAB1DA5830BB}.Release|Any CPU.Build.0 = Release|Any CPU
		{D86AA6D5-7037-097F-F6DD-DAC4C5CAD181}.Debug|Any CPU.ActiveCfg = Debug|Any CPU
		{D86AA6D5-7037-097F-F6DD-DAC4C5CAD181}.Debug|Any CPU.Build.0 = Debug|Any CPU
		{D86AA6D5-7037-097F-F6DD-DAC4C5CAD181}.Release|Any CPU.ActiveCfg = Release|Any CPU
		{D86AA6D5-7037-097F-F6DD-DAC4C5CAD181}.Release|Any CPU.Build.0 = Release|Any CPU
	EndGlobalSection
	GlobalSection(SolutionProperties) = preSolution
		HideSolutionNode = FALSE
	EndGlobalSection
EndGlobal
